
Microsoft Visual Studio Solution File, Format Version 12.00
# Visual Studio 15
VisualStudioVersion = 15.0.27004.2008
MinimumVisualStudioVersion = 10.0.40219.1
Project("{9A19103F-16F7-4668-BE54-9A1E7A4F7556}") = "BBS", "BBS\BBS.csproj", "{BF418B06-6845-4281-978B-A5792070FD64}"
EndProject
Global
	GlobalSection(SolutionConfigurationPlatforms) = preSolution
		Debug|Any CPU = Debug|Any CPU
		Release|Any CPU = Release|Any CPU
	EndGlobalSection
	GlobalSection(ProjectConfigurationPlatforms) = postSolution
		{BF418B06-6845-4281-978B-A5792070FD64}.Debug|Any CPU.ActiveCfg = Debug|Any CPU
		{BF418B06-6845-4281-978B-A5792070FD64}.Debug|Any CPU.Build.0 = Debug|Any CPU
		{BF418B06-6845-4281-978B-A5792070FD64}.Release|Any CPU.ActiveCfg = Release|Any CPU
		{BF418B06-6845-4281-978B-A5792070FD64}.Release|Any CPU.Build.0 = Release|Any CPU
	EndGlobalSection
	GlobalSection(SolutionProperties) = preSolution
		HideSolutionNode = FALSE
	EndGlobalSection
	GlobalSection(ExtensibilityGlobals) = postSolution
		SolutionGuid = {D605C4EA-7C83-44C2-B80C-A8900C6B550B}
	EndGlobalSection
EndGlobal
